
Microsoft Visual Studio Solution File, Format Version 12.00
# Visual Studio Version 17
VisualStudioVersion = 17.5.33627.172
MinimumVisualStudioVersion = 10.0.40219.1
Project("{8BC9CEB8-8B4A-11D0-8D11-00A0C91BC942}") = "Editor_Window", "Client\Client.vcxproj", "{FEC4E9C7-B80F-4FCB-8B64-ADF80ADA784D}"
	ProjectSection(ProjectDependencies) = postProject
		{FBEA7778-58BF-476C-B230-AD22CB7D5C09} = {FBEA7778-58BF-476C-B230-AD22CB7D5C09}
	EndProjectSection
EndProject
Project("{8BC9CEB8-8B4A-11D0-8D11-00A0C91BC942}") = "Shader_Source", "Shader_Source\Shader_Source.vcxitems", "{61EA6587-6306-4326-8B23-3D5411667A2E}"
EndProject
Project("{8BC9CEB8-8B4A-11D0-8D11-00A0C91BC942}") = "Engine_Source", "Engine_Source\Engine_Source.vcxitems", "{FA95D34B-AA75-4906-8677-B8CCA43DCE10}"
EndProject
Project("{8BC9CEB8-8B4A-11D0-8D11-00A0C91BC942}") = "Engine", "Engine\Engine.vcxproj", "{FBEA7778-58BF-476C-B230-AD22CB7D5C09}"
EndProject
Project("{8BC9CEB8-8B4A-11D0-8D11-00A0C91BC942}") = "Editor_Source", "Editor_Source\Editor_Source.vcxitems", "{2E9ECE60-C857-4A08-BF12-FCFD66DCEAE8}"
EndProject
Project("{8BC9CEB8-8B4A-11D0-8D11-00A0C91BC942}") = "IOCP", "IOCP\IOCP.vcxproj", "{7751BDE5-AFB2-4CE2-AEB2-8F4CB4467C6E}"
EndProject
Project("{8BC9CEB8-8B4A-11D0-8D11-00A0C91BC942}") = "IOCP_CLIENT", "IOCP_CLIENT\IOCP_CLIENT.vcxproj", "{4D6DFD88-1987-40D0-8C60-286377B3F23A}"
EndProject
Global
	GlobalSection(SolutionConfigurationPlatforms) = preSolution
		Debug|x64 = Debug|x64
		Debug|x86 = Debug|x86
		Release|x64 = Release|x64
		Release|x86 = Release|x86
	EndGlobalSection
	GlobalSection(ProjectConfigurationPlatforms) = postSolution
		{FEC4E9C7-B80F-4FCB-8B64-ADF80ADA784D}.Debug|x64.ActiveCfg = Debug|x64
		{FEC4E9C7-B80F-4FCB-8B64-ADF80ADA784D}.Debug|x64.Build.0 = Debug|x64
		{FEC4E9C7-B80F-4FCB-8B64-ADF80ADA784D}.Debug|x86.ActiveCfg = Debug|Win32
		{FEC4E9C7-B80F-4FCB-8B64-ADF80ADA784D}.Debug|x86.Build.0 = Debug|Win32
		{FEC4E9C7-B80F-4FCB-8B64-ADF80ADA784D}.Release|x64.ActiveCfg = Release|x64
		{FEC4E9C7-B80F-4FCB-8B64-ADF80ADA784D}.Release|x64.Build.0 = Release|x64
		{FEC4E9C7-B80F-4FCB-8B64-ADF80ADA784D}.Release|x86.ActiveCfg = Release|Win32
		{FEC4E9C7-B80F-4FCB-8B64-ADF80ADA784D}.Release|x86.Build.0 = Release|Win32
		{FBEA7778-58BF-476C-B230-AD22CB7D5C09}.Debug|x64.ActiveCfg = Debug|x64
		{FBEA7778-58BF-476C-B230-AD22CB7D5C09}.Debug|x64.Build.0 = Debug|x64
		{FBEA7778-58BF-476C-B230-AD22CB7D5C09}.Debug|x86.ActiveCfg = Debug|Win32
		{FBEA7778-58BF-476C-B230-AD22CB7D5C09}.Debug|x86.Build.0 = Debug|Win32
		{FBEA7778-58BF-476C-B230-AD22CB7D5C09}.Release|x64.ActiveCfg = Release|x64
		{FBEA7778-58BF-476C-B230-AD22CB7D5C09}.Release|x64.Build.0 = Release|x64
		{FBEA7778-58BF-476C-B230-AD22CB7D5C09}.Release|x86.ActiveCfg = Release|Win32
		{FBEA7778-58BF-476C-B230-AD22CB7D5C09}.Release|x86.Build.0 = Release|Win32
		{7751BDE5-AFB2-4CE2-AEB2-8F4CB4467C6E}.Debug|x64.ActiveCfg = Debug|x64
		{7751BDE5-AFB2-4CE2-AEB2-8F4CB4467C6E}.Debug|x64.Build.0 = Debug|x64
		{7751BDE5-AFB2-4CE2-AEB2-8F4CB4467C6E}.Debug|x86.ActiveCfg = Debug|Win32
		{7751BDE5-AFB2-4CE2-AEB2-8F4CB4467C6E}.Debug|x86.Build.0 = Debug|Win32
		{7751BDE5-AFB2-4CE2-AEB2-8F4CB4467C6E}.Release|x64.ActiveCfg = Release|x64
		{7751BDE5-AFB2-4CE2-AEB2-8F4CB4467C6E}.Release|x64.Build.0 = Release|x64
		{7751BDE5-AFB2-4CE2-AEB2-8F4CB4467C6E}.Release|x86.ActiveCfg = Release|Win32
		{7751BDE5-AFB2-4CE2-AEB2-8F4CB4467C6E}.Release|x86.Build.0 = Release|Win32
		{4D6DFD88-1987-40D0-8C60-286377B3F23A}.Debug|x64.ActiveCfg = Debug|x64
		{4D6DFD88-1987-40D0-8C60-286377B3F23A}.Debug|x64.Build.0 = Debug|x64
		{4D6DFD88-1987-40D0-8C60-286377B3F23A}.Debug|x86.ActiveCfg = Debug|Win32
		{4D6DFD88-1987-40D0-8C60-286377B3F23A}.Debug|x86.Build.0 = Debug|Win32
		{4D6DFD88-1987-40D0-8C60-286377B3F23A}.Release|x64.ActiveCfg = Release|x64
		{4D6DFD88-1987-40D0-8C60-286377B3F23A}.Release|x64.Build.0 = Release|x64
		{4D6DFD88-1987-40D0-8C60-286377B3F23A}.Release|x86.ActiveCfg = Release|Win32
		{4D6DFD88-1987-40D0-8C60-286377B3F23A}.Release|x86.Build.0 = Release|Win32
	EndGlobalSection
	GlobalSection(SolutionProperties) = preSolution
		HideSolutionNode = FALSE
	EndGlobalSection
	GlobalSection(ExtensibilityGlobals) = postSolution
		SolutionGuid = {1D848CFE-EBF0-4C2C-8E62-009C0C603C40}
	EndGlobalSection
	GlobalSection(SharedMSBuildProjectFiles) = preSolution
		Editor_Source\Editor_Source.vcxitems*{2e9ece60-c857-4a08-bf12-fcfd66dceae8}*SharedItemsImports = 9
		Shader_Source\Shader_Source.vcxitems*{61ea6587-6306-4326-8b23-3d5411667a2e}*SharedItemsImports = 9
		Engine_Source\Engine_Source.vcxitems*{fa95d34b-aa75-4906-8677-b8cca43dce10}*SharedItemsImports = 9
		Engine_Source\Engine_Source.vcxitems*{fbea7778-58bf-476c-b230-ad22cb7d5c09}*SharedItemsImports = 4
		Editor_Source\Editor_Source.vcxitems*{fec4e9c7-b80f-4fcb-8b64-adf80ada784d}*SharedItemsImports = 4
	EndGlobalSection
EndGlobal
