<?xml version="1.0" encoding="utf-8"?>
<Project ToolsVersion="4.0" xmlns="http://schemas.microsoft.com/developer/msbuild/2003">
  <ItemGroup>
    <Filter Include="Common">
      <UniqueIdentifier>{73201684-47bb-4f34-afe1-bf12e9bd5468}</UniqueIdentifier>
    </Filter>
    <Filter Include="Application">
      <UniqueIdentifier>{4a533389-5d24-4d74-8499-d650c5e9144d}</UniqueIdentifier>
    </Filter>
    <Filter Include="Graphics">
      <UniqueIdentifier>{7f8ffb0c-e6fd-430e-b2e9-d5c27bc7630b}</UniqueIdentifier>
    </Filter>
    <Filter Include="Input">
      <UniqueIdentifier>{2e5e1a14-7941-4fe0-b5be-880a24bbbe09}</UniqueIdentifier>
    </Filter>
    <Filter Include="Resource">
      <UniqueIdentifier>{53cff0e1-66ac-46f6-a033-ac2a5851f82c}</UniqueIdentifier>
    </Filter>
    <Filter Include="Common\Entity">
      <UniqueIdentifier>{01e6ed3b-de1a-4b8a-b64c-840fe70d6cfc}</UniqueIdentifier>
    </Filter>
    <Filter Include="Common\Time">
      <UniqueIdentifier>{b784f0d5-af51-45e0-a133-d9a64195a0bd}</UniqueIdentifier>
    </Filter>
    <Filter Include="Common\Math">
      <UniqueIdentifier>{d9ed67d4-ee09-4c3b-bc79-359b4190977e}</UniqueIdentifier>
    </Filter>
    <Filter Include="Resource\Resources">
      <UniqueIdentifier>{828407f4-33aa-49dc-acc4-f21836cb6c68}</UniqueIdentifier>
    </Filter>
    <Filter Include="GameObject">
      <UniqueIdentifier>{ce511c8c-e683-48b3-9fab-e31987ba1ecc}</UniqueIdentifier>
    </Filter>
    <Filter Include="GameObject\Component">
      <UniqueIdentifier>{948c9f28-5fdb-4125-a627-7a911581d1d5}</UniqueIdentifier>
    </Filter>
    <Filter Include="GameObject\Component\Transform">
      <UniqueIdentifier>{e2acf9dc-b7e4-456d-a53f-6d1fac4260d8}</UniqueIdentifier>
    </Filter>
    <Filter Include="GameObject\Component\Script">
      <UniqueIdentifier>{fa3a80e4-681b-46e7-9837-3ee00c75b316}</UniqueIdentifier>
    </Filter>
    <Filter Include="GameObject\Object">
      <UniqueIdentifier>{6d5b19be-952c-485a-8773-f81b7878c060}</UniqueIdentifier>
    </Filter>
    <Filter Include="Scene">
      <UniqueIdentifier>{24a130a2-435e-4a0d-85f8-d941399dc338}</UniqueIdentifier>
    </Filter>
    <Filter Include="Scene\Manger">
      <UniqueIdentifier>{1308aa51-1b44-4f91-b0a0-ff40d3d5f1d0}</UniqueIdentifier>
    </Filter>
    <Filter Include="Scene\Base">
      <UniqueIdentifier>{c55fbbbc-d5b1-4533-b6c6-fe7d38d3417a}</UniqueIdentifier>
    </Filter>
    <Filter Include="Scene\Layer">
      <UniqueIdentifier>{787d6bef-6115-4718-a7a4-e1bce08bb04f}</UniqueIdentifier>
    </Filter>
    <Filter Include="Resource\Shader">
      <UniqueIdentifier>{5321b12e-d27d-4004-a3b0-1ebe919e3f27}</UniqueIdentifier>
    </Filter>
    <Filter Include="Resource\ConstantBuffer">
      <UniqueIdentifier>{38e1aa90-7ad6-4ccc-ba1f-ed6713875509}</UniqueIdentifier>
    </Filter>
    <Filter Include="GameObject\Component\Camera">
      <UniqueIdentifier>{57f5dce3-be7f-48c5-8645-f44cdae18e0a}</UniqueIdentifier>
    </Filter>
    <Filter Include="GameObject\Component\Collider">
      <UniqueIdentifier>{b43d42c2-7212-4101-a4fc-c110d7c8f5ca}</UniqueIdentifier>
    </Filter>
    <Filter Include="GameObject\Component\Rigidbody">
      <UniqueIdentifier>{79528989-18c3-41f2-b593-67e9e64c0ed8}</UniqueIdentifier>
    </Filter>
    <Filter Include="Resource\Animation">
      <UniqueIdentifier>{cb761f7a-015f-4714-af60-77a09720dc6d}</UniqueIdentifier>
    </Filter>
    <Filter Include="GameObject\Component\Animator">
      <UniqueIdentifier>{5429eb34-8b88-4d3e-a0bd-5df673a6db6d}</UniqueIdentifier>
    </Filter>
    <Filter Include="Sound">
      <UniqueIdentifier>{db8a1ce5-ed40-44eb-932a-c7538e1fe092}</UniqueIdentifier>
    </Filter>
    <Filter Include="Font">
      <UniqueIdentifier>{99006f79-f95e-4194-bd26-cf2fbb212c27}</UniqueIdentifier>
    </Filter>
    <Filter Include="ThreadPool">
      <UniqueIdentifier>{24ad2f3e-a5b0-4806-ab27-1d84500e448a}</UniqueIdentifier>
    </Filter>
  </ItemGroup>
  <ItemGroup>
    <ClCompile Include="$(MSBuildThisFileDirectory)WEntity.cpp">
      <Filter>Common\Entity</Filter>
    </ClCompile>
    <ClCompile Include="$(MSBuildThisFileDirectory)WMath.cpp">
      <Filter>Common\Math</Filter>
    </ClCompile>
    <ClCompile Include="$(MSBuildThisFileDirectory)WTime.cpp">
      <Filter>Common\Time</Filter>
    </ClCompile>
    <ClCompile Include="$(MSBuildThisFileDirectory)WApplication.cpp">
      <Filter>Application</Filter>
    </ClCompile>
    <ClCompile Include="$(MSBuildThisFileDirectory)WInput.cpp">
      <Filter>Input</Filter>
    </ClCompile>
    <ClCompile Include="$(MSBuildThisFileDirectory)WResource.cpp">
      <Filter>Resource</Filter>
    </ClCompile>
    <ClCompile Include="$(MSBuildThisFileDirectory)WResources.cpp">
      <Filter>Resource\Resources</Filter>
    </ClCompile>
    <ClCompile Include="$(MSBuildThisFileDirectory)WComponent.cpp">
      <Filter>GameObject\Component</Filter>
    </ClCompile>
    <ClCompile Include="$(MSBuildThisFileDirectory)WScript.cpp">
      <Filter>GameObject\Component\Script</Filter>
    </ClCompile>
    <ClCompile Include="$(MSBuildThisFileDirectory)WTransform.cpp">
      <Filter>GameObject\Component\Transform</Filter>
    </ClCompile>
    <ClCompile Include="$(MSBuildThisFileDirectory)WSceneManger.cpp">
      <Filter>Scene\Manger</Filter>
    </ClCompile>
    <ClCompile Include="$(MSBuildThisFileDirectory)WScene.cpp">
      <Filter>Scene\Base</Filter>
    </ClCompile>
    <ClCompile Include="$(MSBuildThisFileDirectory)WLayer.cpp">
      <Filter>Scene\Layer</Filter>
    </ClCompile>
    <ClCompile Include="$(MSBuildThisFileDirectory)WCollisionManager.cpp">
      <Filter>Scene\Manger</Filter>
    </ClCompile>
    <ClCompile Include="$(MSBuildThisFileDirectory)WCollider2D.cpp">
      <Filter>GameObject\Component\Collider</Filter>
    </ClCompile>
    <ClCompile Include="$(MSBuildThisFileDirectory)WRigidbody.cpp">
      <Filter>GameObject\Component\Rigidbody</Filter>
    </ClCompile>
    <ClCompile Include="$(MSBuildThisFileDirectory)WAnimation.cpp">
      <Filter>Resource\Animation</Filter>
    </ClCompile>
    <ClCompile Include="$(MSBuildThisFileDirectory)WAnimator.cpp">
      <Filter>GameObject\Component\Animator</Filter>
    </ClCompile>
    <ClCompile Include="$(MSBuildThisFileDirectory)WGameObject.cpp">
      <Filter>GameObject\Object</Filter>
    </ClCompile>
    <ClCompile Include="$(MSBuildThisFileDirectory)WFontWrapper.cpp">
      <Filter>Font</Filter>
    </ClCompile>
    <ClCompile Include="$(MSBuildThisFileDirectory)WFmod.cpp">
      <Filter>Sound</Filter>
    </ClCompile>
    <ClCompile Include="$(MSBuildThisFileDirectory)WFadeInOut.cpp">
      <Filter>GameObject\Object</Filter>
    </ClCompile>
    <ClCompile Include="$(MSBuildThisFileDirectory)WThreadPool.cpp">
      <Filter>ThreadPool</Filter>
    </ClCompile>
    <ClCompile Include="$(MSBuildThisFileDirectory)WLight.cpp">
      <Filter>GameObject\Component</Filter>
    </ClCompile>
    <ClCompile Include="$(MSBuildThisFileDirectory)WPathManager.cpp">
      <Filter>Scene\Manger</Filter>
    </ClCompile>
  </ItemGroup>
  <ItemGroup>
    <ClInclude Include="$(MSBuildThisFileDirectory)WEntity.h">
      <Filter>Common\Entity</Filter>
    </ClInclude>
    <ClInclude Include="$(MSBuildThisFileDirectory)Engine.h">
      <Filter>Common</Filter>
    </ClInclude>
    <ClInclude Include="$(MSBuildThisFileDirectory)Common.h">
      <Filter>Common</Filter>
    </ClInclude>
    <ClInclude Include="$(MSBuildThisFileDirectory)Enums.h">
      <Filter>Common</Filter>
    </ClInclude>
    <ClInclude Include="$(MSBuildThisFileDirectory)WMath.h">
      <Filter>Common\Math</Filter>
    </ClInclude>
    <ClInclude Include="$(MSBuildThisFileDirectory)WTime.h">
      <Filter>Common\Time</Filter>
    </ClInclude>
    <ClInclude Include="$(MSBuildThisFileDirectory)WApplication.h">
      <Filter>Application</Filter>
    </ClInclude>
    <ClInclude Include="$(MSBuildThisFileDirectory)WInput.h">
      <Filter>Input</Filter>
    </ClInclude>
    <ClInclude Include="$(MSBuildThisFileDirectory)WResource.h">
      <Filter>Resource</Filter>
    </ClInclude>
    <ClInclude Include="$(MSBuildThisFileDirectory)WResources.h">
      <Filter>Resource\Resources</Filter>
    </ClInclude>
    <ClInclude Include="$(MSBuildThisFileDirectory)WGraphics.h">
      <Filter>Graphics</Filter>
    </ClInclude>
    <ClInclude Include="$(MSBuildThisFileDirectory)WComponent.h">
      <Filter>GameObject\Component</Filter>
    </ClInclude>
    <ClInclude Include="$(MSBuildThisFileDirectory)WScript.h">
      <Filter>GameObject\Component\Script</Filter>
    </ClInclude>
    <ClInclude Include="$(MSBuildThisFileDirectory)WTransform.h">
      <Filter>GameObject\Component\Transform</Filter>
    </ClInclude>
    <ClInclude Include="$(MSBuildThisFileDirectory)WSceneManger.h">
      <Filter>Scene\Manger</Filter>
    </ClInclude>
    <ClInclude Include="$(MSBuildThisFileDirectory)WScene.h">
      <Filter>Scene\Base</Filter>
    </ClInclude>
    <ClInclude Include="$(MSBuildThisFileDirectory)WLayer.h">
      <Filter>Scene\Layer</Filter>
    </ClInclude>
    <ClInclude Include="$(MSBuildThisFileDirectory)WCollisionManager.h">
      <Filter>Scene\Manger</Filter>
    </ClInclude>
    <ClInclude Include="$(MSBuildThisFileDirectory)WCollider2D.h">
      <Filter>GameObject\Component\Collider</Filter>
    </ClInclude>
    <ClInclude Include="$(MSBuildThisFileDirectory)WRigidbody.h">
      <Filter>GameObject\Component\Rigidbody</Filter>
    </ClInclude>
    <ClInclude Include="$(MSBuildThisFileDirectory)WAnimation.h">
      <Filter>Resource\Animation</Filter>
    </ClInclude>
    <ClInclude Include="$(MSBuildThisFileDirectory)WAnimator.h">
      <Filter>GameObject\Component\Animator</Filter>
    </ClInclude>
    <ClInclude Include="$(MSBuildThisFileDirectory)WGameObject.h">
      <Filter>GameObject\Object</Filter>
    </ClInclude>
    <ClInclude Include="$(MSBuildThisFileDirectory)WInfo.h">
      <Filter>Common</Filter>
    </ClInclude>
    <ClInclude Include="$(MSBuildThisFileDirectory)WFontWrapper.h">
      <Filter>Font</Filter>
    </ClInclude>
    <ClInclude Include="$(MSBuildThisFileDirectory)WFmod.h">
      <Filter>Sound</Filter>
    </ClInclude>
    <ClInclude Include="$(MSBuildThisFileDirectory)WFadeInOut.h">
      <Filter>GameObject\Object</Filter>
    </ClInclude>
    <ClInclude Include="$(MSBuildThisFileDirectory)temTex.h">
      <Filter>Resource</Filter>
    </ClInclude>
    <ClInclude Include="$(MSBuildThisFileDirectory)WThreadPool.h">
      <Filter>ThreadPool</Filter>
    </ClInclude>
    <ClInclude Include="$(MSBuildThisFileDirectory)WLight.h">
      <Filter>GameObject\Component</Filter>
    </ClInclude>
    <ClInclude Include="$(MSBuildThisFileDirectory)WPathManager.h">
      <Filter>Scene\Manger</Filter>
    </ClInclude>
  </ItemGroup>
  <ItemGroup>
    <None Include="$(MSBuildThisFileDirectory)WMath.inl">
      <Filter>Common\Math</Filter>
    </None>
  </ItemGroup>
</Project>